[[package]]
name = "csv"
version = "1.0.5"
source = "registry+https://github.com/rust-lang/crates.io-index"
dependencies = [
 "csv-core 0.1.5 (registry+https://github.com/rust-lang/crates.io-index)",
 "serde 1.0.87 (registry+https://github.com/rust-lang/crates.io-index)",
]

[[package]]
name = "csv-core"
version = "0.1.5"
source = "registry+https://github.com/rust-lang/crates.io-index"
dependencies = [
 "memchr 2.2.0 (registry+https://github.com/rust-lang/crates.io-index)",
]

[[package]]
name = "libc"
version = "0.2.48"
source = "registry+https://github.com/rust-lang/crates.io-index"

[[package]]
name = "memchr"
version = "2.2.0"
source = "registry+https://github.com/rust-lang/crates.io-index"
dependencies = [
 "libc 0.2.48 (registry+https://github.com/rust-lang/crates.io-index)",
]

[[package]]
name = "panda_db"
version = "0.1.0"
dependencies = [
 "csv 1.0.5 (registry+https://github.com/rust-lang/crates.io-index)",
]

[[package]]
name = "serde"
version = "1.0.87"
source = "registry+https://github.com/rust-lang/crates.io-index"

[metadata]
"checksum csv 1.0.5 (registry+https://github.com/rust-lang/crates.io-index)" = "9fd1c44c58078cfbeaf11fbb3eac9ae5534c23004ed770cc4bfb48e658ae4f04"
"checksum csv-core 0.1.5 (registry+https://github.com/rust-lang/crates.io-index)" = "fa5cdef62f37e6ffe7d1f07a381bc0db32b7a3ff1cac0de56cb0d81e71f53d65"
"checksum libc 0.2.48 (registry+https://github.com/rust-lang/crates.io-index)" = "e962c7641008ac010fa60a7dfdc1712449f29c44ef2d4702394aea943ee75047"
"checksum memchr 2.2.0 (registry+https://github.com/rust-lang/crates.io-index)" = "2efc7bc57c883d4a4d6e3246905283d8dae951bb3bd32f49d6ef297f546e1c39"
"checksum serde 1.0.87 (registry+https://github.com/rust-lang/crates.io-index)" = "2e20fde37801e83c891a2dc4ebd3b81f0da4d1fb67a9e0a2a3b921e2536a58ee"
